// !$*UTF8*$!
{
	archiveVersion = 1;
	classes = {
	};
	objectVersion = 51;
	objects = {

/* Begin PBXBuildFile section */
		1A90DD53C389622723219F73 /* Pods_KeyKeeper.framework in Frameworks */ = {isa = PBXBuildFile; fileRef = 97059BD31E78D6A32B4D736D /* Pods_KeyKeeper.framework */; };
		8813D1CF26CC52EA0091840E /* EditViewController.swift in Sources */ = {isa = PBXBuildFile; fileRef = 8813D1CE26CC52EA0091840E /* EditViewController.swift */; };
		88228A1F26ACC74200C78456 /* AppDelegate.swift in Sources */ = {isa = PBXBuildFile; fileRef = 88228A1E26ACC74200C78456 /* AppDelegate.swift */; };
		88228A2126ACC74200C78456 /* SceneDelegate.swift in Sources */ = {isa = PBXBuildFile; fileRef = 88228A2026ACC74200C78456 /* SceneDelegate.swift */; };
		88228A2326ACC74200C78456 /* ViewController.swift in Sources */ = {isa = PBXBuildFile; fileRef = 88228A2226ACC74200C78456 /* ViewController.swift */; };
		88228A2626ACC74200C78456 /* Main.storyboard in Resources */ = {isa = PBXBuildFile; fileRef = 88228A2426ACC74200C78456 /* Main.storyboard */; };
		88228A2826ACC74500C78456 /* Assets.xcassets in Resources */ = {isa = PBXBuildFile; fileRef = 88228A2726ACC74500C78456 /* Assets.xcassets */; };
		88228A2B26ACC74500C78456 /* LaunchScreen.storyboard in Resources */ = {isa = PBXBuildFile; fileRef = 88228A2926ACC74500C78456 /* LaunchScreen.storyboard */; };
		88228A3926ACC7C000C78456 /* Account.swift in Sources */ = {isa = PBXBuildFile; fileRef = 88228A3826ACC7C000C78456 /* Account.swift */; };
		88228A3B26ACC7DA00C78456 /* UIView+Extensions.swift in Sources */ = {isa = PBXBuildFile; fileRef = 88228A3A26ACC7DA00C78456 /* UIView+Extensions.swift */; };
		88228A3D26ACC80600C78456 /* MainTabBarController.swift in Sources */ = {isa = PBXBuildFile; fileRef = 88228A3C26ACC80600C78456 /* MainTabBarController.swift */; };
		88228A3F26ACC84000C78456 /* MyVaultViewController.swift in Sources */ = {isa = PBXBuildFile; fileRef = 88228A3E26ACC84000C78456 /* MyVaultViewController.swift */; };
		88228A4126ACC87B00C78456 /* GeneratorViewController.swift in Sources */ = {isa = PBXBuildFile; fileRef = 88228A4026ACC87B00C78456 /* GeneratorViewController.swift */; };
		88228A4326ACC88A00C78456 /* SettingsViewController.swift in Sources */ = {isa = PBXBuildFile; fileRef = 88228A4226ACC88A00C78456 /* SettingsViewController.swift */; };
		88228A4526ACC8C800C78456 /* MyVaultCell.swift in Sources */ = {isa = PBXBuildFile; fileRef = 88228A4426ACC8C800C78456 /* MyVaultCell.swift */; };
		8836037B26E81E3C00788E43 /* EnvVars.swift in Sources */ = {isa = PBXBuildFile; fileRef = 8836037A26E81E3C00788E43 /* EnvVars.swift */; };
		8848BFE2270CE565001EBBCE /* Core.swift in Sources */ = {isa = PBXBuildFile; fileRef = 8848BFE1270CE565001EBBCE /* Core.swift */; };
		8848BFE4270CE651001EBBCE /* OnboardingViewController.swift in Sources */ = {isa = PBXBuildFile; fileRef = 8848BFE3270CE651001EBBCE /* OnboardingViewController.swift */; };
		8848BFE6270CF756001EBBCE /* OnboardingCell.swift in Sources */ = {isa = PBXBuildFile; fileRef = 8848BFE5270CF756001EBBCE /* OnboardingCell.swift */; };
		8848BFE8270CFF15001EBBCE /* OnboardingSlide.swift in Sources */ = {isa = PBXBuildFile; fileRef = 8848BFE7270CFF15001EBBCE /* OnboardingSlide.swift */; };
		8852CDFD27164885008CE83E /* AuthorizationViewController.swift in Sources */ = {isa = PBXBuildFile; fileRef = 8852CDFC27164885008CE83E /* AuthorizationViewController.swift */; };
		8859F06326B04A9400ED0FAB /* CreateViewController.swift in Sources */ = {isa = PBXBuildFile; fileRef = 8859F06226B04A9400ED0FAB /* CreateViewController.swift */; };
		886953B6271B1D8D002CB1AF /* UIViewController+Extensions.swift in Sources */ = {isa = PBXBuildFile; fileRef = 886953B5271B1D8D002CB1AF /* UIViewController+Extensions.swift */; };
		88793B5226CEF85400462B02 /* TextFieldWithPadding.swift in Sources */ = {isa = PBXBuildFile; fileRef = 88793B5126CEF85400462B02 /* TextFieldWithPadding.swift */; };
		88879ECA273B04B500D6187D /* SettingsTableViewCell.swift in Sources */ = {isa = PBXBuildFile; fileRef = 88879EC9273B04B400D6187D /* SettingsTableViewCell.swift */; };
		88879ECC273B181500D6187D /* SwitchTableViewCell.swift in Sources */ = {isa = PBXBuildFile; fileRef = 88879ECB273B181500D6187D /* SwitchTableViewCell.swift */; };
		88922B9B26BC71F20083A285 /* DetailViewController.swift in Sources */ = {isa = PBXBuildFile; fileRef = 88922B9A26BC71F20083A285 /* DetailViewController.swift */; };
		88A2096626FD1D7700C11770 /* ClipboardNotification.swift in Sources */ = {isa = PBXBuildFile; fileRef = 88A2096526FD1D7700C11770 /* ClipboardNotification.swift */; };
		88A3858226C33167006913C2 /* DateFormatter+Extensions.swift in Sources */ = {isa = PBXBuildFile; fileRef = 88A3858126C33167006913C2 /* DateFormatter+Extensions.swift */; };
		88B2A1BC270FA030000F7595 /* MasterPasswordViewController.swift in Sources */ = {isa = PBXBuildFile; fileRef = 88B2A1BB270FA030000F7595 /* MasterPasswordViewController.swift */; };
		88BBD3CC26F15D9400ABBFE4 /* Generator.swift in Sources */ = {isa = PBXBuildFile; fileRef = 88BBD3CB26F15D9400ABBFE4 /* Generator.swift */; };
		88E60EB726D84C9A00FDC31B /* AuthenticationServices.framework in Frameworks */ = {isa = PBXBuildFile; fileRef = 88E60EB626D84C9A00FDC31B /* AuthenticationServices.framework */; };
		88EFD93126D58D1400855F39 /* Keys.swift in Sources */ = {isa = PBXBuildFile; fileRef = 88EFD93026D58D1400855F39 /* Keys.swift */; };
		88EFD93326D5998500855F39 /* KeychainWrapper+Extensions.swift in Sources */ = {isa = PBXBuildFile; fileRef = 88EFD93226D5998500855F39 /* KeychainWrapper+Extensions.swift */; };
/* End PBXBuildFile section */

/* Begin PBXFileReference section */
		06B6F4108A5BFE181A335075 /* Pods-KeyKeeper.release.xcconfig */ = {isa = PBXFileReference; includeInIndex = 1; lastKnownFileType = text.xcconfig; name = "Pods-KeyKeeper.release.xcconfig"; path = "Target Support Files/Pods-KeyKeeper/Pods-KeyKeeper.release.xcconfig"; sourceTree = "<group>"; };
		34CE3A54B8BDE1106F9126AF /* Pods-KeyKeeper.debug.xcconfig */ = {isa = PBXFileReference; includeInIndex = 1; lastKnownFileType = text.xcconfig; name = "Pods-KeyKeeper.debug.xcconfig"; path = "Target Support Files/Pods-KeyKeeper/Pods-KeyKeeper.debug.xcconfig"; sourceTree = "<group>"; };
		39687A30CE223D81639D784F /* Pods-KeyKeeper.debugprod.xcconfig */ = {isa = PBXFileReference; includeInIndex = 1; lastKnownFileType = text.xcconfig; name = "Pods-KeyKeeper.debugprod.xcconfig"; path = "Target Support Files/Pods-KeyKeeper/Pods-KeyKeeper.debugprod.xcconfig"; sourceTree = "<group>"; };
		8813D1CE26CC52EA0091840E /* EditViewController.swift */ = {isa = PBXFileReference; lastKnownFileType = sourcecode.swift; path = EditViewController.swift; sourceTree = "<group>"; };
		88228A1B26ACC74200C78456 /* KeyKeeper.app */ = {isa = PBXFileReference; explicitFileType = wrapper.application; includeInIndex = 0; path = KeyKeeper.app; sourceTree = BUILT_PRODUCTS_DIR; };
		88228A1E26ACC74200C78456 /* AppDelegate.swift */ = {isa = PBXFileReference; lastKnownFileType = sourcecode.swift; path = AppDelegate.swift; sourceTree = "<group>"; };
		88228A2026ACC74200C78456 /* SceneDelegate.swift */ = {isa = PBXFileReference; lastKnownFileType = sourcecode.swift; path = SceneDelegate.swift; sourceTree = "<group>"; };
		88228A2226ACC74200C78456 /* ViewController.swift */ = {isa = PBXFileReference; lastKnownFileType = sourcecode.swift; path = ViewController.swift; sourceTree = "<group>"; };
		88228A2526ACC74200C78456 /* Base */ = {isa = PBXFileReference; lastKnownFileType = file.storyboard; name = Base; path = Base.lproj/Main.storyboard; sourceTree = "<group>"; };
		88228A2726ACC74500C78456 /* Assets.xcassets */ = {isa = PBXFileReference; lastKnownFileType = folder.assetcatalog; path = Assets.xcassets; sourceTree = "<group>"; };
		88228A2A26ACC74500C78456 /* Base */ = {isa = PBXFileReference; lastKnownFileType = file.storyboard; name = Base; path = Base.lproj/LaunchScreen.storyboard; sourceTree = "<group>"; };
		88228A2C26ACC74500C78456 /* Info.plist */ = {isa = PBXFileReference; lastKnownFileType = text.plist.xml; path = Info.plist; sourceTree = "<group>"; };
		88228A3826ACC7C000C78456 /* Account.swift */ = {isa = PBXFileReference; lastKnownFileType = sourcecode.swift; path = Account.swift; sourceTree = "<group>"; };
		88228A3A26ACC7DA00C78456 /* UIView+Extensions.swift */ = {isa = PBXFileReference; lastKnownFileType = sourcecode.swift; path = "UIView+Extensions.swift"; sourceTree = "<group>"; };
		88228A3C26ACC80600C78456 /* MainTabBarController.swift */ = {isa = PBXFileReference; lastKnownFileType = sourcecode.swift; path = MainTabBarController.swift; sourceTree = "<group>"; };
		88228A3E26ACC84000C78456 /* MyVaultViewController.swift */ = {isa = PBXFileReference; lastKnownFileType = sourcecode.swift; path = MyVaultViewController.swift; sourceTree = "<group>"; };
		88228A4026ACC87B00C78456 /* GeneratorViewController.swift */ = {isa = PBXFileReference; lastKnownFileType = sourcecode.swift; path = GeneratorViewController.swift; sourceTree = "<group>"; };
		88228A4226ACC88A00C78456 /* SettingsViewController.swift */ = {isa = PBXFileReference; lastKnownFileType = sourcecode.swift; path = SettingsViewController.swift; sourceTree = "<group>"; };
		88228A4426ACC8C800C78456 /* MyVaultCell.swift */ = {isa = PBXFileReference; lastKnownFileType = sourcecode.swift; path = MyVaultCell.swift; sourceTree = "<group>"; };
		8836037A26E81E3C00788E43 /* EnvVars.swift */ = {isa = PBXFileReference; lastKnownFileType = sourcecode.swift; path = EnvVars.swift; sourceTree = "<group>"; };
		8848BFE1270CE565001EBBCE /* Core.swift */ = {isa = PBXFileReference; lastKnownFileType = sourcecode.swift; path = Core.swift; sourceTree = "<group>"; };
		8848BFE3270CE651001EBBCE /* OnboardingViewController.swift */ = {isa = PBXFileReference; lastKnownFileType = sourcecode.swift; path = OnboardingViewController.swift; sourceTree = "<group>"; };
		8848BFE5270CF756001EBBCE /* OnboardingCell.swift */ = {isa = PBXFileReference; lastKnownFileType = sourcecode.swift; path = OnboardingCell.swift; sourceTree = "<group>"; };
		8848BFE7270CFF15001EBBCE /* OnboardingSlide.swift */ = {isa = PBXFileReference; lastKnownFileType = sourcecode.swift; path = OnboardingSlide.swift; sourceTree = "<group>"; };
		8852CDFC27164885008CE83E /* AuthorizationViewController.swift */ = {isa = PBXFileReference; lastKnownFileType = sourcecode.swift; path = AuthorizationViewController.swift; sourceTree = "<group>"; };
		8859F06226B04A9400ED0FAB /* CreateViewController.swift */ = {isa = PBXFileReference; lastKnownFileType = sourcecode.swift; path = CreateViewController.swift; sourceTree = "<group>"; };
		886953B5271B1D8D002CB1AF /* UIViewController+Extensions.swift */ = {isa = PBXFileReference; lastKnownFileType = sourcecode.swift; path = "UIViewController+Extensions.swift"; sourceTree = "<group>"; };
		88793B5126CEF85400462B02 /* TextFieldWithPadding.swift */ = {isa = PBXFileReference; lastKnownFileType = sourcecode.swift; path = TextFieldWithPadding.swift; sourceTree = "<group>"; };
		88879EC9273B04B400D6187D /* SettingsTableViewCell.swift */ = {isa = PBXFileReference; lastKnownFileType = sourcecode.swift; path = SettingsTableViewCell.swift; sourceTree = "<group>"; };
		88879ECB273B181500D6187D /* SwitchTableViewCell.swift */ = {isa = PBXFileReference; lastKnownFileType = sourcecode.swift; path = SwitchTableViewCell.swift; sourceTree = "<group>"; };
		88922B9A26BC71F20083A285 /* DetailViewController.swift */ = {isa = PBXFileReference; lastKnownFileType = sourcecode.swift; path = DetailViewController.swift; sourceTree = "<group>"; };
		88A2096526FD1D7700C11770 /* ClipboardNotification.swift */ = {isa = PBXFileReference; lastKnownFileType = sourcecode.swift; path = ClipboardNotification.swift; sourceTree = "<group>"; };
		88A3858126C33167006913C2 /* DateFormatter+Extensions.swift */ = {isa = PBXFileReference; lastKnownFileType = sourcecode.swift; path = "DateFormatter+Extensions.swift"; sourceTree = "<group>"; };
		88B2A1BB270FA030000F7595 /* MasterPasswordViewController.swift */ = {isa = PBXFileReference; lastKnownFileType = sourcecode.swift; path = MasterPasswordViewController.swift; sourceTree = "<group>"; };
		88BBD3CB26F15D9400ABBFE4 /* Generator.swift */ = {isa = PBXFileReference; lastKnownFileType = sourcecode.swift; path = Generator.swift; sourceTree = "<group>"; };
		88E60EB526D8496100FDC31B /* KeyKeeper.entitlements */ = {isa = PBXFileReference; lastKnownFileType = text.plist.entitlements; path = KeyKeeper.entitlements; sourceTree = "<group>"; };
		88E60EB626D84C9A00FDC31B /* AuthenticationServices.framework */ = {isa = PBXFileReference; lastKnownFileType = wrapper.framework; name = AuthenticationServices.framework; path = System/Library/Frameworks/AuthenticationServices.framework; sourceTree = SDKROOT; };
		88EFD93026D58D1400855F39 /* Keys.swift */ = {isa = PBXFileReference; lastKnownFileType = sourcecode.swift; path = Keys.swift; sourceTree = "<group>"; };
		88EFD93226D5998500855F39 /* KeychainWrapper+Extensions.swift */ = {isa = PBXFileReference; lastKnownFileType = sourcecode.swift; path = "KeychainWrapper+Extensions.swift"; sourceTree = "<group>"; };
		97059BD31E78D6A32B4D736D /* Pods_KeyKeeper.framework */ = {isa = PBXFileReference; explicitFileType = wrapper.framework; includeInIndex = 0; path = Pods_KeyKeeper.framework; sourceTree = BUILT_PRODUCTS_DIR; };
		DED0DAAB16AAEC6A3BDF5B0B /* Pods-KeyKeeper.debugdev.xcconfig */ = {isa = PBXFileReference; includeInIndex = 1; lastKnownFileType = text.xcconfig; name = "Pods-KeyKeeper.debugdev.xcconfig"; path = "Target Support Files/Pods-KeyKeeper/Pods-KeyKeeper.debugdev.xcconfig"; sourceTree = "<group>"; };
		E4EB1C5BB8B9FDB7DE374D88 /* Pods-KeyKeeper.releaseprod.xcconfig */ = {isa = PBXFileReference; includeInIndex = 1; lastKnownFileType = text.xcconfig; name = "Pods-KeyKeeper.releaseprod.xcconfig"; path = "Target Support Files/Pods-KeyKeeper/Pods-KeyKeeper.releaseprod.xcconfig"; sourceTree = "<group>"; };
		FBF80C38FF50B857440357CF /* Pods-KeyKeeper.releasedev.xcconfig */ = {isa = PBXFileReference; includeInIndex = 1; lastKnownFileType = text.xcconfig; name = "Pods-KeyKeeper.releasedev.xcconfig"; path = "Target Support Files/Pods-KeyKeeper/Pods-KeyKeeper.releasedev.xcconfig"; sourceTree = "<group>"; };
/* End PBXFileReference section */

/* Begin PBXFrameworksBuildPhase section */
		88228A1826ACC74200C78456 /* Frameworks */ = {
			isa = PBXFrameworksBuildPhase;
			buildActionMask = 2147483647;
			files = (
				88E60EB726D84C9A00FDC31B /* AuthenticationServices.framework in Frameworks */,
				1A90DD53C389622723219F73 /* Pods_KeyKeeper.framework in Frameworks */,
			);
			runOnlyForDeploymentPostprocessing = 0;
		};
/* End PBXFrameworksBuildPhase section */

/* Begin PBXGroup section */
		853D854485545F66E2AE7B32 /* Frameworks */ = {
			isa = PBXGroup;
			children = (
				88E60EB626D84C9A00FDC31B /* AuthenticationServices.framework */,
				97059BD31E78D6A32B4D736D /* Pods_KeyKeeper.framework */,
			);
			name = Frameworks;
			sourceTree = "<group>";
		};
		8806EA392706547000E4F51C /* Cells */ = {
			isa = PBXGroup;
			children = (
				88228A4426ACC8C800C78456 /* MyVaultCell.swift */,
				8848BFE5270CF756001EBBCE /* OnboardingCell.swift */,
				88879EC9273B04B400D6187D /* SettingsTableViewCell.swift */,
				88879ECB273B181500D6187D /* SwitchTableViewCell.swift */,
			);
			path = Cells;
			sourceTree = "<group>";
		};
		8806EA3A2706581F00E4F51C /* IBuilder */ = {
			isa = PBXGroup;
			children = (
				88228A2426ACC74200C78456 /* Main.storyboard */,
				88228A2926ACC74500C78456 /* LaunchScreen.storyboard */,
			);
			path = IBuilder;
			sourceTree = "<group>";
		};
		8806EA3B2706585100E4F51C /* SupportFiles */ = {
			isa = PBXGroup;
			children = (
				88228A1E26ACC74200C78456 /* AppDelegate.swift */,
				88228A2026ACC74200C78456 /* SceneDelegate.swift */,
				8836037A26E81E3C00788E43 /* EnvVars.swift */,
				8848BFE1270CE565001EBBCE /* Core.swift */,
				88E60EB526D8496100FDC31B /* KeyKeeper.entitlements */,
				88228A2C26ACC74500C78456 /* Info.plist */,
				88228A2726ACC74500C78456 /* Assets.xcassets */,
			);
			path = SupportFiles;
			sourceTree = "<group>";
		};
		8806EA3C2706596B00E4F51C /* Components */ = {
			isa = PBXGroup;
			children = (
				88A2096526FD1D7700C11770 /* ClipboardNotification.swift */,
			);
			path = Components;
			sourceTree = "<group>";
		};
		88228A1226ACC74200C78456 = {
			isa = PBXGroup;
			children = (
				88228A1D26ACC74200C78456 /* KeyKeeper */,
				88228A1C26ACC74200C78456 /* Products */,
				AB756454E762A10907C35EA1 /* Pods */,
				853D854485545F66E2AE7B32 /* Frameworks */,
			);
			sourceTree = "<group>";
		};
		88228A1C26ACC74200C78456 /* Products */ = {
			isa = PBXGroup;
			children = (
				88228A1B26ACC74200C78456 /* KeyKeeper.app */,
			);
			name = Products;
			sourceTree = "<group>";
		};
		88228A1D26ACC74200C78456 /* KeyKeeper */ = {
			isa = PBXGroup;
			children = (
				88228A3526ACC78800C78456 /* Models */,
				88228A3726ACC7A200C78456 /* Controllers */,
				8806EA392706547000E4F51C /* Cells */,
				8806EA3C2706596B00E4F51C /* Components */,
				88228A3626ACC79000C78456 /* Extensions */,
				88F5A6D626BECA0D00B056C1 /* Helpers */,
				8806EA3B2706585100E4F51C /* SupportFiles */,
				8806EA3A2706581F00E4F51C /* IBuilder */,
				88228A2226ACC74200C78456 /* ViewController.swift */,
			);
			path = KeyKeeper;
			sourceTree = "<group>";
		};
		88228A3526ACC78800C78456 /* Models */ = {
			isa = PBXGroup;
			children = (
				88228A3826ACC7C000C78456 /* Account.swift */,
				88EFD93026D58D1400855F39 /* Keys.swift */,
				8848BFE7270CFF15001EBBCE /* OnboardingSlide.swift */,
			);
			path = Models;
			sourceTree = "<group>";
		};
		88228A3626ACC79000C78456 /* Extensions */ = {
			isa = PBXGroup;
			children = (
				88228A3A26ACC7DA00C78456 /* UIView+Extensions.swift */,
				88A3858126C33167006913C2 /* DateFormatter+Extensions.swift */,
				88EFD93226D5998500855F39 /* KeychainWrapper+Extensions.swift */,
				886953B5271B1D8D002CB1AF /* UIViewController+Extensions.swift */,
			);
			path = Extensions;
			sourceTree = "<group>";
		};
		88228A3726ACC7A200C78456 /* Controllers */ = {
			isa = PBXGroup;
			children = (
				8848BFE3270CE651001EBBCE /* OnboardingViewController.swift */,
				88B2A1BB270FA030000F7595 /* MasterPasswordViewController.swift */,
				8852CDFC27164885008CE83E /* AuthorizationViewController.swift */,
				88228A3C26ACC80600C78456 /* MainTabBarController.swift */,
				8859F06126B0460C00ED0FAB /* MyVault */,
				88228A4026ACC87B00C78456 /* GeneratorViewController.swift */,
				88228A4226ACC88A00C78456 /* SettingsViewController.swift */,
			);
			path = Controllers;
			sourceTree = "<group>";
		};
		8859F06126B0460C00ED0FAB /* MyVault */ = {
			isa = PBXGroup;
			children = (
				88228A3E26ACC84000C78456 /* MyVaultViewController.swift */,
				8859F06226B04A9400ED0FAB /* CreateViewController.swift */,
				88922B9A26BC71F20083A285 /* DetailViewController.swift */,
				8813D1CE26CC52EA0091840E /* EditViewController.swift */,
			);
			path = MyVault;
			sourceTree = "<group>";
		};
		88F5A6D626BECA0D00B056C1 /* Helpers */ = {
			isa = PBXGroup;
			children = (
				88BBD3CB26F15D9400ABBFE4 /* Generator.swift */,
				88793B5126CEF85400462B02 /* TextFieldWithPadding.swift */,
			);
			path = Helpers;
			sourceTree = "<group>";
		};
		AB756454E762A10907C35EA1 /* Pods */ = {
			isa = PBXGroup;
			children = (
				34CE3A54B8BDE1106F9126AF /* Pods-KeyKeeper.debug.xcconfig */,
				06B6F4108A5BFE181A335075 /* Pods-KeyKeeper.release.xcconfig */,
				DED0DAAB16AAEC6A3BDF5B0B /* Pods-KeyKeeper.debugdev.xcconfig */,
				39687A30CE223D81639D784F /* Pods-KeyKeeper.debugprod.xcconfig */,
				FBF80C38FF50B857440357CF /* Pods-KeyKeeper.releasedev.xcconfig */,
				E4EB1C5BB8B9FDB7DE374D88 /* Pods-KeyKeeper.releaseprod.xcconfig */,
			);
			path = Pods;
			sourceTree = "<group>";
		};
/* End PBXGroup section */

/* Begin PBXNativeTarget section */
		88228A1A26ACC74200C78456 /* KeyKeeper */ = {
			isa = PBXNativeTarget;
			buildConfigurationList = 88228A2F26ACC74500C78456 /* Build configuration list for PBXNativeTarget "KeyKeeper" */;
			buildPhases = (
				A39E418C490FA09CA3741C37 /* [CP] Check Pods Manifest.lock */,
				88228A1726ACC74200C78456 /* Sources */,
				88228A1826ACC74200C78456 /* Frameworks */,
				88228A1926ACC74200C78456 /* Resources */,
				0D65B47A5824C0BD74E79BF5 /* [CP] Embed Pods Frameworks */,
			);
			buildRules = (
			);
			dependencies = (
			);
			name = KeyKeeper;
			productName = KeyKeeper;
			productReference = 88228A1B26ACC74200C78456 /* KeyKeeper.app */;
			productType = "com.apple.product-type.application";
		};
/* End PBXNativeTarget section */

/* Begin PBXProject section */
		88228A1326ACC74200C78456 /* Project object */ = {
			isa = PBXProject;
			attributes = {
				LastSwiftUpdateCheck = 1250;
				LastUpgradeCheck = 1250;
				TargetAttributes = {
					88228A1A26ACC74200C78456 = {
						CreatedOnToolsVersion = 12.5;
					};
				};
			};
			buildConfigurationList = 88228A1626ACC74200C78456 /* Build configuration list for PBXProject "KeyKeeper" */;
			compatibilityVersion = "Xcode 9.3";
			developmentRegion = en;
			hasScannedForEncodings = 0;
			knownRegions = (
				en,
				Base,
			);
			mainGroup = 88228A1226ACC74200C78456;
			productRefGroup = 88228A1C26ACC74200C78456 /* Products */;
			projectDirPath = "";
			projectRoot = "";
			targets = (
				88228A1A26ACC74200C78456 /* KeyKeeper */,
			);
		};
/* End PBXProject section */

/* Begin PBXResourcesBuildPhase section */
		88228A1926ACC74200C78456 /* Resources */ = {
			isa = PBXResourcesBuildPhase;
			buildActionMask = 2147483647;
			files = (
				88228A2B26ACC74500C78456 /* LaunchScreen.storyboard in Resources */,
				88228A2826ACC74500C78456 /* Assets.xcassets in Resources */,
				88228A2626ACC74200C78456 /* Main.storyboard in Resources */,
			);
			runOnlyForDeploymentPostprocessing = 0;
		};
/* End PBXResourcesBuildPhase section */

/* Begin PBXShellScriptBuildPhase section */
		0D65B47A5824C0BD74E79BF5 /* [CP] Embed Pods Frameworks */ = {
			isa = PBXShellScriptBuildPhase;
			buildActionMask = 2147483647;
			files = (
			);
			inputFileListPaths = (
				"${PODS_ROOT}/Target Support Files/Pods-KeyKeeper/Pods-KeyKeeper-frameworks-${CONFIGURATION}-input-files.xcfilelist",
			);
			name = "[CP] Embed Pods Frameworks";
			outputFileListPaths = (
				"${PODS_ROOT}/Target Support Files/Pods-KeyKeeper/Pods-KeyKeeper-frameworks-${CONFIGURATION}-output-files.xcfilelist",
			);
			runOnlyForDeploymentPostprocessing = 0;
			shellPath = /bin/sh;
			shellScript = "\"${PODS_ROOT}/Target Support Files/Pods-KeyKeeper/Pods-KeyKeeper-frameworks.sh\"\n";
			showEnvVarsInLog = 0;
		};
		A39E418C490FA09CA3741C37 /* [CP] Check Pods Manifest.lock */ = {
			isa = PBXShellScriptBuildPhase;
			buildActionMask = 2147483647;
			files = (
			);
			inputFileListPaths = (
			);
			inputPaths = (
				"${PODS_PODFILE_DIR_PATH}/Podfile.lock",
				"${PODS_ROOT}/Manifest.lock",
			);
			name = "[CP] Check Pods Manifest.lock";
			outputFileListPaths = (
			);
			outputPaths = (
				"$(DERIVED_FILE_DIR)/Pods-KeyKeeper-checkManifestLockResult.txt",
			);
			runOnlyForDeploymentPostprocessing = 0;
			shellPath = /bin/sh;
			shellScript = "diff \"${PODS_PODFILE_DIR_PATH}/Podfile.lock\" \"${PODS_ROOT}/Manifest.lock\" > /dev/null\nif [ $? != 0 ] ; then\n    # print error to STDERR\n    echo \"error: The sandbox is not in sync with the Podfile.lock. Run 'pod install' or update your CocoaPods installation.\" >&2\n    exit 1\nfi\n# This output is used by Xcode 'outputs' to avoid re-running this script phase.\necho \"SUCCESS\" > \"${SCRIPT_OUTPUT_FILE_0}\"\n";
			showEnvVarsInLog = 0;
		};
/* End PBXShellScriptBuildPhase section */

/* Begin PBXSourcesBuildPhase section */
		88228A1726ACC74200C78456 /* Sources */ = {
			isa = PBXSourcesBuildPhase;
			buildActionMask = 2147483647;
			files = (
				88228A2326ACC74200C78456 /* ViewController.swift in Sources */,
				88EFD93126D58D1400855F39 /* Keys.swift in Sources */,
				88228A3926ACC7C000C78456 /* Account.swift in Sources */,
				8848BFE2270CE565001EBBCE /* Core.swift in Sources */,
				8848BFE8270CFF15001EBBCE /* OnboardingSlide.swift in Sources */,
				88228A3D26ACC80600C78456 /* MainTabBarController.swift in Sources */,
				88EFD93326D5998500855F39 /* KeychainWrapper+Extensions.swift in Sources */,
				88793B5226CEF85400462B02 /* TextFieldWithPadding.swift in Sources */,
				88922B9B26BC71F20083A285 /* DetailViewController.swift in Sources */,
				8836037B26E81E3C00788E43 /* EnvVars.swift in Sources */,
				8848BFE6270CF756001EBBCE /* OnboardingCell.swift in Sources */,
				88BBD3CC26F15D9400ABBFE4 /* Generator.swift in Sources */,
				8813D1CF26CC52EA0091840E /* EditViewController.swift in Sources */,
				88A2096626FD1D7700C11770 /* ClipboardNotification.swift in Sources */,
				8859F06326B04A9400ED0FAB /* CreateViewController.swift in Sources */,
				8848BFE4270CE651001EBBCE /* OnboardingViewController.swift in Sources */,
				88228A3B26ACC7DA00C78456 /* UIView+Extensions.swift in Sources */,
				88228A1F26ACC74200C78456 /* AppDelegate.swift in Sources */,
				88879ECA273B04B500D6187D /* SettingsTableViewCell.swift in Sources */,
				88879ECC273B181500D6187D /* SwitchTableViewCell.swift in Sources */,
				8852CDFD27164885008CE83E /* AuthorizationViewController.swift in Sources */,
				88228A4526ACC8C800C78456 /* MyVaultCell.swift in Sources */,
				88228A2126ACC74200C78456 /* SceneDelegate.swift in Sources */,
				88228A4126ACC87B00C78456 /* GeneratorViewController.swift in Sources */,
				886953B6271B1D8D002CB1AF /* UIViewController+Extensions.swift in Sources */,
				88A3858226C33167006913C2 /* DateFormatter+Extensions.swift in Sources */,
				88B2A1BC270FA030000F7595 /* MasterPasswordViewController.swift in Sources */,
				88228A3F26ACC84000C78456 /* MyVaultViewController.swift in Sources */,
				88228A4326ACC88A00C78456 /* SettingsViewController.swift in Sources */,
			);
			runOnlyForDeploymentPostprocessing = 0;
		};
/* End PBXSourcesBuildPhase section */

/* Begin PBXVariantGroup section */
		88228A2426ACC74200C78456 /* Main.storyboard */ = {
			isa = PBXVariantGroup;
			children = (
				88228A2526ACC74200C78456 /* Base */,
			);
			name = Main.storyboard;
			sourceTree = "<group>";
		};
		88228A2926ACC74500C78456 /* LaunchScreen.storyboard */ = {
			isa = PBXVariantGroup;
			children = (
				88228A2A26ACC74500C78456 /* Base */,
			);
			name = LaunchScreen.storyboard;
			sourceTree = "<group>";
		};
/* End PBXVariantGroup section */

/* Begin XCBuildConfiguration section */
		88228A2D26ACC74500C78456 /* Debug */ = {
			isa = XCBuildConfiguration;
			buildSettings = {
				ALWAYS_SEARCH_USER_PATHS = NO;
				CLANG_ANALYZER_NONNULL = YES;
				CLANG_ANALYZER_NUMBER_OBJECT_CONVERSION = YES_AGGRESSIVE;
				CLANG_CXX_LANGUAGE_STANDARD = "gnu++14";
				CLANG_CXX_LIBRARY = "libc++";
				CLANG_ENABLE_MODULES = YES;
				CLANG_ENABLE_OBJC_ARC = YES;
				CLANG_ENABLE_OBJC_WEAK = YES;
				CLANG_WARN_BLOCK_CAPTURE_AUTORELEASING = YES;
				CLANG_WARN_BOOL_CONVERSION = YES;
				CLANG_WARN_COMMA = YES;
				CLANG_WARN_CONSTANT_CONVERSION = YES;
				CLANG_WARN_DEPRECATED_OBJC_IMPLEMENTATIONS = YES;
				CLANG_WARN_DIRECT_OBJC_ISA_USAGE = YES_ERROR;
				CLANG_WARN_DOCUMENTATION_COMMENTS = YES;
				CLANG_WARN_EMPTY_BODY = YES;
				CLANG_WARN_ENUM_CONVERSION = YES;
				CLANG_WARN_INFINITE_RECURSION = YES;
				CLANG_WARN_INT_CONVERSION = YES;
				CLANG_WARN_NON_LITERAL_NULL_CONVERSION = YES;
				CLANG_WARN_OBJC_IMPLICIT_RETAIN_SELF = YES;
				CLANG_WARN_OBJC_LITERAL_CONVERSION = YES;
				CLANG_WARN_OBJC_ROOT_CLASS = YES_ERROR;
				CLANG_WARN_QUOTED_INCLUDE_IN_FRAMEWORK_HEADER = YES;
				CLANG_WARN_RANGE_LOOP_ANALYSIS = YES;
				CLANG_WARN_STRICT_PROTOTYPES = YES;
				CLANG_WARN_SUSPICIOUS_MOVE = YES;
				CLANG_WARN_UNGUARDED_AVAILABILITY = YES_AGGRESSIVE;
				CLANG_WARN_UNREACHABLE_CODE = YES;
				CLANG_WARN__DUPLICATE_METHOD_MATCH = YES;
				COPY_PHASE_STRIP = NO;
				DEBUG_INFORMATION_FORMAT = dwarf;
				ENABLE_STRICT_OBJC_MSGSEND = YES;
				ENABLE_TESTABILITY = YES;
				GCC_C_LANGUAGE_STANDARD = gnu11;
				GCC_DYNAMIC_NO_PIC = NO;
				GCC_NO_COMMON_BLOCKS = YES;
				GCC_OPTIMIZATION_LEVEL = 0;
				GCC_PREPROCESSOR_DEFINITIONS = (
					"DEBUG=1",
					"$(inherited)",
				);
				GCC_WARN_64_TO_32_BIT_CONVERSION = YES;
				GCC_WARN_ABOUT_RETURN_TYPE = YES_ERROR;
				GCC_WARN_UNDECLARED_SELECTOR = YES;
				GCC_WARN_UNINITIALIZED_AUTOS = YES_AGGRESSIVE;
				GCC_WARN_UNUSED_FUNCTION = YES;
				GCC_WARN_UNUSED_VARIABLE = YES;
				INFOPLIST_FILE = "";
				IPHONEOS_DEPLOYMENT_TARGET = 13.0;
				MTL_ENABLE_DEBUG_INFO = INCLUDE_SOURCE;
				MTL_FAST_MATH = YES;
				ONLY_ACTIVE_ARCH = YES;
				SDKROOT = iphoneos;
				SWIFT_ACTIVE_COMPILATION_CONDITIONS = DEBUG;
				SWIFT_OPTIMIZATION_LEVEL = "-Onone";
			};
			name = Debug;
		};
		88228A2E26ACC74500C78456 /* Release */ = {
			isa = XCBuildConfiguration;
			buildSettings = {
				ALWAYS_SEARCH_USER_PATHS = NO;
				CLANG_ANALYZER_NONNULL = YES;
				CLANG_ANALYZER_NUMBER_OBJECT_CONVERSION = YES_AGGRESSIVE;
				CLANG_CXX_LANGUAGE_STANDARD = "gnu++14";
				CLANG_CXX_LIBRARY = "libc++";
				CLANG_ENABLE_MODULES = YES;
				CLANG_ENABLE_OBJC_ARC = YES;
				CLANG_ENABLE_OBJC_WEAK = YES;
				CLANG_WARN_BLOCK_CAPTURE_AUTORELEASING = YES;
				CLANG_WARN_BOOL_CONVERSION = YES;
				CLANG_WARN_COMMA = YES;
				CLANG_WARN_CONSTANT_CONVERSION = YES;
				CLANG_WARN_DEPRECATED_OBJC_IMPLEMENTATIONS = YES;
				CLANG_WARN_DIRECT_OBJC_ISA_USAGE = YES_ERROR;
				CLANG_WARN_DOCUMENTATION_COMMENTS = YES;
				CLANG_WARN_EMPTY_BODY = YES;
				CLANG_WARN_ENUM_CONVERSION = YES;
				CLANG_WARN_INFINITE_RECURSION = YES;
				CLANG_WARN_INT_CONVERSION = YES;
				CLANG_WARN_NON_LITERAL_NULL_CONVERSION = YES;
				CLANG_WARN_OBJC_IMPLICIT_RETAIN_SELF = YES;
				CLANG_WARN_OBJC_LITERAL_CONVERSION = YES;
				CLANG_WARN_OBJC_ROOT_CLASS = YES_ERROR;
				CLANG_WARN_QUOTED_INCLUDE_IN_FRAMEWORK_HEADER = YES;
				CLANG_WARN_RANGE_LOOP_ANALYSIS = YES;
				CLANG_WARN_STRICT_PROTOTYPES = YES;
				CLANG_WARN_SUSPICIOUS_MOVE = YES;
				CLANG_WARN_UNGUARDED_AVAILABILITY = YES_AGGRESSIVE;
				CLANG_WARN_UNREACHABLE_CODE = YES;
				CLANG_WARN__DUPLICATE_METHOD_MATCH = YES;
				COPY_PHASE_STRIP = NO;
				DEBUG_INFORMATION_FORMAT = "dwarf-with-dsym";
				ENABLE_NS_ASSERTIONS = NO;
				ENABLE_STRICT_OBJC_MSGSEND = YES;
				GCC_C_LANGUAGE_STANDARD = gnu11;
				GCC_NO_COMMON_BLOCKS = YES;
				GCC_WARN_64_TO_32_BIT_CONVERSION = YES;
				GCC_WARN_ABOUT_RETURN_TYPE = YES_ERROR;
				GCC_WARN_UNDECLARED_SELECTOR = YES;
				GCC_WARN_UNINITIALIZED_AUTOS = YES_AGGRESSIVE;
				GCC_WARN_UNUSED_FUNCTION = YES;
				GCC_WARN_UNUSED_VARIABLE = YES;
				INFOPLIST_FILE = "";
				IPHONEOS_DEPLOYMENT_TARGET = 13.0;
				MTL_ENABLE_DEBUG_INFO = NO;
				MTL_FAST_MATH = YES;
				SDKROOT = iphoneos;
				SWIFT_COMPILATION_MODE = wholemodule;
				SWIFT_OPTIMIZATION_LEVEL = "-O";
				VALIDATE_PRODUCT = YES;
			};
			name = Release;
		};
		88228A3026ACC74500C78456 /* Debug */ = {
			isa = XCBuildConfiguration;
			baseConfigurationReference = 34CE3A54B8BDE1106F9126AF /* Pods-KeyKeeper.debug.xcconfig */;
			buildSettings = {
				ASSETCATALOG_COMPILER_APPICON_NAME = AppIcon;
				ASSETCATALOG_COMPILER_GLOBAL_ACCENT_COLOR_NAME = AccentColor;
				CODE_SIGN_ENTITLEMENTS = KeyKeeper/KeyKeeper.entitlements;
				CODE_SIGN_IDENTITY = "Apple Development";
				CODE_SIGN_STYLE = Automatic;
				DEVELOPMENT_TEAM = DQFSKH6VVL;
				INFOPLIST_FILE = KeyKeeper/SupportFiles/Info.plist;
				IPHONEOS_DEPLOYMENT_TARGET = 13.0;
				LD_RUNPATH_SEARCH_PATHS = (
					"$(inherited)",
					"@executable_path/Frameworks",
				);
				PRODUCT_BUNDLE_IDENTIFIER = com.vssavosko.KeyKeeper;
				PRODUCT_NAME = "$(TARGET_NAME)";
				PROVISIONING_PROFILE_SPECIFIER = "";
				SWIFT_ACTIVE_COMPILATION_CONDITIONS = DEBUG;
				SWIFT_VERSION = 5.0;
				TARGETED_DEVICE_FAMILY = 1;
			};
			name = Debug;
		};
		88228A3126ACC74500C78456 /* Release */ = {
			isa = XCBuildConfiguration;
			baseConfigurationReference = 06B6F4108A5BFE181A335075 /* Pods-KeyKeeper.release.xcconfig */;
			buildSettings = {
				ASSETCATALOG_COMPILER_APPICON_NAME = AppIcon;
				ASSETCATALOG_COMPILER_GLOBAL_ACCENT_COLOR_NAME = AccentColor;
				CODE_SIGN_ENTITLEMENTS = KeyKeeper/KeyKeeper.entitlements;
				CODE_SIGN_IDENTITY = "Apple Development";
				CODE_SIGN_STYLE = Automatic;
				DEVELOPMENT_TEAM = DQFSKH6VVL;
				INFOPLIST_FILE = KeyKeeper/SupportFiles/Info.plist;
				IPHONEOS_DEPLOYMENT_TARGET = 13.0;
				LD_RUNPATH_SEARCH_PATHS = (
					"$(inherited)",
					"@executable_path/Frameworks",
				);
				PRODUCT_BUNDLE_IDENTIFIER = com.vssavosko.KeyKeeper;
				PRODUCT_NAME = "$(TARGET_NAME)";
				PROVISIONING_PROFILE_SPECIFIER = "";
				SWIFT_ACTIVE_COMPILATION_CONDITIONS = "";
				SWIFT_VERSION = 5.0;
				TARGETED_DEVICE_FAMILY = 1;
			};
			name = Release;
		};
		8836037826E81E1800788E43 /* DebugDev */ = {
			isa = XCBuildConfiguration;
			buildSettings = {
				ALWAYS_SEARCH_USER_PATHS = NO;
				CLANG_ANALYZER_NONNULL = YES;
				CLANG_ANALYZER_NUMBER_OBJECT_CONVERSION = YES_AGGRESSIVE;
				CLANG_CXX_LANGUAGE_STANDARD = "gnu++14";
				CLANG_CXX_LIBRARY = "libc++";
				CLANG_ENABLE_MODULES = YES;
				CLANG_ENABLE_OBJC_ARC = YES;
				CLANG_ENABLE_OBJC_WEAK = YES;
				CLANG_WARN_BLOCK_CAPTURE_AUTORELEASING = YES;
				CLANG_WARN_BOOL_CONVERSION = YES;
				CLANG_WARN_COMMA = YES;
				CLANG_WARN_CONSTANT_CONVERSION = YES;
				CLANG_WARN_DEPRECATED_OBJC_IMPLEMENTATIONS = YES;
				CLANG_WARN_DIRECT_OBJC_ISA_USAGE = YES_ERROR;
				CLANG_WARN_DOCUMENTATION_COMMENTS = YES;
				CLANG_WARN_EMPTY_BODY = YES;
				CLANG_WARN_ENUM_CONVERSION = YES;
				CLANG_WARN_INFINITE_RECURSION = YES;
				CLANG_WARN_INT_CONVERSION = YES;
				CLANG_WARN_NON_LITERAL_NULL_CONVERSION = YES;
				CLANG_WARN_OBJC_IMPLICIT_RETAIN_SELF = YES;
				CLANG_WARN_OBJC_LITERAL_CONVERSION = YES;
				CLANG_WARN_OBJC_ROOT_CLASS = YES_ERROR;
				CLANG_WARN_QUOTED_INCLUDE_IN_FRAMEWORK_HEADER = YES;
				CLANG_WARN_RANGE_LOOP_ANALYSIS = YES;
				CLANG_WARN_STRICT_PROTOTYPES = YES;
				CLANG_WARN_SUSPICIOUS_MOVE = YES;
				CLANG_WARN_UNGUARDED_AVAILABILITY = YES_AGGRESSIVE;
				CLANG_WARN_UNREACHABLE_CODE = YES;
				CLANG_WARN__DUPLICATE_METHOD_MATCH = YES;
				COPY_PHASE_STRIP = NO;
				DEBUG_INFORMATION_FORMAT = dwarf;
				ENABLE_STRICT_OBJC_MSGSEND = YES;
				ENABLE_TESTABILITY = YES;
				GCC_C_LANGUAGE_STANDARD = gnu11;
				GCC_DYNAMIC_NO_PIC = NO;
				GCC_NO_COMMON_BLOCKS = YES;
				GCC_OPTIMIZATION_LEVEL = 0;
				GCC_PREPROCESSOR_DEFINITIONS = (
					"DEBUG=1",
					"$(inherited)",
				);
				GCC_WARN_64_TO_32_BIT_CONVERSION = YES;
				GCC_WARN_ABOUT_RETURN_TYPE = YES_ERROR;
				GCC_WARN_UNDECLARED_SELECTOR = YES;
				GCC_WARN_UNINITIALIZED_AUTOS = YES_AGGRESSIVE;
				GCC_WARN_UNUSED_FUNCTION = YES;
				GCC_WARN_UNUSED_VARIABLE = YES;
				INFOPLIST_FILE = "";
				IPHONEOS_DEPLOYMENT_TARGET = 13.0;
				MTL_ENABLE_DEBUG_INFO = INCLUDE_SOURCE;
				MTL_FAST_MATH = YES;
				ONLY_ACTIVE_ARCH = YES;
				SDKROOT = iphoneos;
				SWIFT_ACTIVE_COMPILATION_CONDITIONS = DEBUG;
				SWIFT_OPTIMIZATION_LEVEL = "-Onone";
			};
			name = DebugDev;
		};
		8836037926E81E1800788E43 /* DebugDev */ = {
			isa = XCBuildConfiguration;
			baseConfigurationReference = DED0DAAB16AAEC6A3BDF5B0B /* Pods-KeyKeeper.debugdev.xcconfig */;
			buildSettings = {
				ASSETCATALOG_COMPILER_APPICON_NAME = AppIcon;
				ASSETCATALOG_COMPILER_GLOBAL_ACCENT_COLOR_NAME = AccentColor;
				CODE_SIGN_ENTITLEMENTS = KeyKeeper/KeyKeeper.entitlements;
				CODE_SIGN_IDENTITY = "Apple Development";
				CODE_SIGN_STYLE = Automatic;
				DEVELOPMENT_TEAM = DQFSKH6VVL;
				INFOPLIST_FILE = KeyKeeper/SupportFiles/Info.plist;
				IPHONEOS_DEPLOYMENT_TARGET = 13.0;
				LD_RUNPATH_SEARCH_PATHS = (
					"$(inherited)",
					"@executable_path/Frameworks",
				);
				PRODUCT_BUNDLE_IDENTIFIER = com.vssavosko.KeyKeeper;
				PRODUCT_NAME = "$(TARGET_NAME)";
				PROVISIONING_PROFILE_SPECIFIER = "";
				SWIFT_ACTIVE_COMPILATION_CONDITIONS = "DEBUG DEV";
				SWIFT_VERSION = 5.0;
				TARGETED_DEVICE_FAMILY = 1;
			};
			name = DebugDev;
		};
		8836037C26E8240300788E43 /* DebugProd */ = {
			isa = XCBuildConfiguration;
			buildSettings = {
				ALWAYS_SEARCH_USER_PATHS = NO;
				CLANG_ANALYZER_NONNULL = YES;
				CLANG_ANALYZER_NUMBER_OBJECT_CONVERSION = YES_AGGRESSIVE;
				CLANG_CXX_LANGUAGE_STANDARD = "gnu++14";
				CLANG_CXX_LIBRARY = "libc++";
				CLANG_ENABLE_MODULES = YES;
				CLANG_ENABLE_OBJC_ARC = YES;
				CLANG_ENABLE_OBJC_WEAK = YES;
				CLANG_WARN_BLOCK_CAPTURE_AUTORELEASING = YES;
				CLANG_WARN_BOOL_CONVERSION = YES;
				CLANG_WARN_COMMA = YES;
				CLANG_WARN_CONSTANT_CONVERSION = YES;
				CLANG_WARN_DEPRECATED_OBJC_IMPLEMENTATIONS = YES;
				CLANG_WARN_DIRECT_OBJC_ISA_USAGE = YES_ERROR;
				CLANG_WARN_DOCUMENTATION_COMMENTS = YES;
				CLANG_WARN_EMPTY_BODY = YES;
				CLANG_WARN_ENUM_CONVERSION = YES;
				CLANG_WARN_INFINITE_RECURSION = YES;
				CLANG_WARN_INT_CONVERSION = YES;
				CLANG_WARN_NON_LITERAL_NULL_CONVERSION = YES;
				CLANG_WARN_OBJC_IMPLICIT_RETAIN_SELF = YES;
				CLANG_WARN_OBJC_LITERAL_CONVERSION = YES;
				CLANG_WARN_OBJC_ROOT_CLASS = YES_ERROR;
				CLANG_WARN_QUOTED_INCLUDE_IN_FRAMEWORK_HEADER = YES;
				CLANG_WARN_RANGE_LOOP_ANALYSIS = YES;
				CLANG_WARN_STRICT_PROTOTYPES = YES;
				CLANG_WARN_SUSPICIOUS_MOVE = YES;
				CLANG_WARN_UNGUARDED_AVAILABILITY = YES_AGGRESSIVE;
				CLANG_WARN_UNREACHABLE_CODE = YES;
				CLANG_WARN__DUPLICATE_METHOD_MATCH = YES;
				COPY_PHASE_STRIP = NO;
				DEBUG_INFORMATION_FORMAT = dwarf;
				ENABLE_STRICT_OBJC_MSGSEND = YES;
				ENABLE_TESTABILITY = YES;
				GCC_C_LANGUAGE_STANDARD = gnu11;
				GCC_DYNAMIC_NO_PIC = NO;
				GCC_NO_COMMON_BLOCKS = YES;
				GCC_OPTIMIZATION_LEVEL = 0;
				GCC_PREPROCESSOR_DEFINITIONS = (
					"DEBUG=1",
					"$(inherited)",
				);
				GCC_WARN_64_TO_32_BIT_CONVERSION = YES;
				GCC_WARN_ABOUT_RETURN_TYPE = YES_ERROR;
				GCC_WARN_UNDECLARED_SELECTOR = YES;
				GCC_WARN_UNINITIALIZED_AUTOS = YES_AGGRESSIVE;
				GCC_WARN_UNUSED_FUNCTION = YES;
				GCC_WARN_UNUSED_VARIABLE = YES;
				INFOPLIST_FILE = "";
				IPHONEOS_DEPLOYMENT_TARGET = 13.0;
				MTL_ENABLE_DEBUG_INFO = INCLUDE_SOURCE;
				MTL_FAST_MATH = YES;
				ONLY_ACTIVE_ARCH = YES;
				SDKROOT = iphoneos;
				SWIFT_ACTIVE_COMPILATION_CONDITIONS = DEBUG;
				SWIFT_OPTIMIZATION_LEVEL = "-Onone";
			};
			name = DebugProd;
		};
		8836037D26E8240300788E43 /* DebugProd */ = {
			isa = XCBuildConfiguration;
			baseConfigurationReference = 39687A30CE223D81639D784F /* Pods-KeyKeeper.debugprod.xcconfig */;
			buildSettings = {
				ASSETCATALOG_COMPILER_APPICON_NAME = AppIcon;
				ASSETCATALOG_COMPILER_GLOBAL_ACCENT_COLOR_NAME = AccentColor;
				CODE_SIGN_ENTITLEMENTS = KeyKeeper/KeyKeeper.entitlements;
				CODE_SIGN_IDENTITY = "Apple Development";
				CODE_SIGN_STYLE = Automatic;
				DEVELOPMENT_TEAM = DQFSKH6VVL;
				INFOPLIST_FILE = KeyKeeper/SupportFiles/Info.plist;
				IPHONEOS_DEPLOYMENT_TARGET = 13.0;
				LD_RUNPATH_SEARCH_PATHS = (
					"$(inherited)",
					"@executable_path/Frameworks",
				);
				PRODUCT_BUNDLE_IDENTIFIER = com.vssavosko.KeyKeeper;
				PRODUCT_NAME = "$(TARGET_NAME)";
				PROVISIONING_PROFILE_SPECIFIER = "";
				SWIFT_ACTIVE_COMPILATION_CONDITIONS = "DEBUG PROD";
				SWIFT_VERSION = 5.0;
				TARGETED_DEVICE_FAMILY = 1;
			};
			name = DebugProd;
		};
		8836037E26E8240D00788E43 /* ReleaseDev */ = {
			isa = XCBuildConfiguration;
			buildSettings = {
				ALWAYS_SEARCH_USER_PATHS = NO;
				CLANG_ANALYZER_NONNULL = YES;
				CLANG_ANALYZER_NUMBER_OBJECT_CONVERSION = YES_AGGRESSIVE;
				CLANG_CXX_LANGUAGE_STANDARD = "gnu++14";
				CLANG_CXX_LIBRARY = "libc++";
				CLANG_ENABLE_MODULES = YES;
				CLANG_ENABLE_OBJC_ARC = YES;
				CLANG_ENABLE_OBJC_WEAK = YES;
				CLANG_WARN_BLOCK_CAPTURE_AUTORELEASING = YES;
				CLANG_WARN_BOOL_CONVERSION = YES;
				CLANG_WARN_COMMA = YES;
				CLANG_WARN_CONSTANT_CONVERSION = YES;
				CLANG_WARN_DEPRECATED_OBJC_IMPLEMENTATIONS = YES;
				CLANG_WARN_DIRECT_OBJC_ISA_USAGE = YES_ERROR;
				CLANG_WARN_DOCUMENTATION_COMMENTS = YES;
				CLANG_WARN_EMPTY_BODY = YES;
				CLANG_WARN_ENUM_CONVERSION = YES;
				CLANG_WARN_INFINITE_RECURSION = YES;
				CLANG_WARN_INT_CONVERSION = YES;
				CLANG_WARN_NON_LITERAL_NULL_CONVERSION = YES;
				CLANG_WARN_OBJC_IMPLICIT_RETAIN_SELF = YES;
				CLANG_WARN_OBJC_LITERAL_CONVERSION = YES;
				CLANG_WARN_OBJC_ROOT_CLASS = YES_ERROR;
				CLANG_WARN_QUOTED_INCLUDE_IN_FRAMEWORK_HEADER = YES;
				CLANG_WARN_RANGE_LOOP_ANALYSIS = YES;
				CLANG_WARN_STRICT_PROTOTYPES = YES;
				CLANG_WARN_SUSPICIOUS_MOVE = YES;
				CLANG_WARN_UNGUARDED_AVAILABILITY = YES_AGGRESSIVE;
				CLANG_WARN_UNREACHABLE_CODE = YES;
				CLANG_WARN__DUPLICATE_METHOD_MATCH = YES;
				COPY_PHASE_STRIP = NO;
				DEBUG_INFORMATION_FORMAT = "dwarf-with-dsym";
				ENABLE_NS_ASSERTIONS = NO;
				ENABLE_STRICT_OBJC_MSGSEND = YES;
				GCC_C_LANGUAGE_STANDARD = gnu11;
				GCC_NO_COMMON_BLOCKS = YES;
				GCC_WARN_64_TO_32_BIT_CONVERSION = YES;
				GCC_WARN_ABOUT_RETURN_TYPE = YES_ERROR;
				GCC_WARN_UNDECLARED_SELECTOR = YES;
				GCC_WARN_UNINITIALIZED_AUTOS = YES_AGGRESSIVE;
				GCC_WARN_UNUSED_FUNCTION = YES;
				GCC_WARN_UNUSED_VARIABLE = YES;
				INFOPLIST_FILE = "";
				IPHONEOS_DEPLOYMENT_TARGET = 13.0;
				MTL_ENABLE_DEBUG_INFO = NO;
				MTL_FAST_MATH = YES;
				SDKROOT = iphoneos;
				SWIFT_COMPILATION_MODE = wholemodule;
				SWIFT_OPTIMIZATION_LEVEL = "-O";
				VALIDATE_PRODUCT = YES;
			};
			name = ReleaseDev;
		};
		8836037F26E8240D00788E43 /* ReleaseDev */ = {
			isa = XCBuildConfiguration;
			baseConfigurationReference = FBF80C38FF50B857440357CF /* Pods-KeyKeeper.releasedev.xcconfig */;
			buildSettings = {
				ASSETCATALOG_COMPILER_APPICON_NAME = AppIcon;
				ASSETCATALOG_COMPILER_GLOBAL_ACCENT_COLOR_NAME = AccentColor;
				CODE_SIGN_ENTITLEMENTS = KeyKeeper/KeyKeeper.entitlements;
				CODE_SIGN_IDENTITY = "Apple Development";
				CODE_SIGN_STYLE = Automatic;
				DEVELOPMENT_TEAM = DQFSKH6VVL;
				INFOPLIST_FILE = KeyKeeper/SupportFiles/Info.plist;
				IPHONEOS_DEPLOYMENT_TARGET = 13.0;
				LD_RUNPATH_SEARCH_PATHS = (
					"$(inherited)",
					"@executable_path/Frameworks",
				);
				PRODUCT_BUNDLE_IDENTIFIER = com.vssavosko.KeyKeeper;
				PRODUCT_NAME = "$(TARGET_NAME)";
				PROVISIONING_PROFILE_SPECIFIER = "";
				SWIFT_ACTIVE_COMPILATION_CONDITIONS = DEV;
				SWIFT_VERSION = 5.0;
				TARGETED_DEVICE_FAMILY = 1;
			};
			name = ReleaseDev;
		};
		8836038026E8241700788E43 /* ReleaseProd */ = {
			isa = XCBuildConfiguration;
			buildSettings = {
				ALWAYS_SEARCH_USER_PATHS = NO;
				CLANG_ANALYZER_NONNULL = YES;
				CLANG_ANALYZER_NUMBER_OBJECT_CONVERSION = YES_AGGRESSIVE;
				CLANG_CXX_LANGUAGE_STANDARD = "gnu++14";
				CLANG_CXX_LIBRARY = "libc++";
				CLANG_ENABLE_MODULES = YES;
				CLANG_ENABLE_OBJC_ARC = YES;
				CLANG_ENABLE_OBJC_WEAK = YES;
				CLANG_WARN_BLOCK_CAPTURE_AUTORELEASING = YES;
				CLANG_WARN_BOOL_CONVERSION = YES;
				CLANG_WARN_COMMA = YES;
				CLANG_WARN_CONSTANT_CONVERSION = YES;
				CLANG_WARN_DEPRECATED_OBJC_IMPLEMENTATIONS = YES;
				CLANG_WARN_DIRECT_OBJC_ISA_USAGE = YES_ERROR;
				CLANG_WARN_DOCUMENTATION_COMMENTS = YES;
				CLANG_WARN_EMPTY_BODY = YES;
				CLANG_WARN_ENUM_CONVERSION = YES;
				CLANG_WARN_INFINITE_RECURSION = YES;
				CLANG_WARN_INT_CONVERSION = YES;
				CLANG_WARN_NON_LITERAL_NULL_CONVERSION = YES;
				CLANG_WARN_OBJC_IMPLICIT_RETAIN_SELF = YES;
				CLANG_WARN_OBJC_LITERAL_CONVERSION = YES;
				CLANG_WARN_OBJC_ROOT_CLASS = YES_ERROR;
				CLANG_WARN_QUOTED_INCLUDE_IN_FRAMEWORK_HEADER = YES;
				CLANG_WARN_RANGE_LOOP_ANALYSIS = YES;
				CLANG_WARN_STRICT_PROTOTYPES = YES;
				CLANG_WARN_SUSPICIOUS_MOVE = YES;
				CLANG_WARN_UNGUARDED_AVAILABILITY = YES_AGGRESSIVE;
				CLANG_WARN_UNREACHABLE_CODE = YES;
				CLANG_WARN__DUPLICATE_METHOD_MATCH = YES;
				COPY_PHASE_STRIP = NO;
				DEBUG_INFORMATION_FORMAT = "dwarf-with-dsym";
				ENABLE_NS_ASSERTIONS = NO;
				ENABLE_STRICT_OBJC_MSGSEND = YES;
				GCC_C_LANGUAGE_STANDARD = gnu11;
				GCC_NO_COMMON_BLOCKS = YES;
				GCC_WARN_64_TO_32_BIT_CONVERSION = YES;
				GCC_WARN_ABOUT_RETURN_TYPE = YES_ERROR;
				GCC_WARN_UNDECLARED_SELECTOR = YES;
				GCC_WARN_UNINITIALIZED_AUTOS = YES_AGGRESSIVE;
				GCC_WARN_UNUSED_FUNCTION = YES;
				GCC_WARN_UNUSED_VARIABLE = YES;
				INFOPLIST_FILE = "";
				IPHONEOS_DEPLOYMENT_TARGET = 13.0;
				MTL_ENABLE_DEBUG_INFO = NO;
				MTL_FAST_MATH = YES;
				SDKROOT = iphoneos;
				SWIFT_COMPILATION_MODE = wholemodule;
				SWIFT_OPTIMIZATION_LEVEL = "-O";
				VALIDATE_PRODUCT = YES;
			};
			name = ReleaseProd;
		};
		8836038126E8241700788E43 /* ReleaseProd */ = {
			isa = XCBuildConfiguration;
			baseConfigurationReference = E4EB1C5BB8B9FDB7DE374D88 /* Pods-KeyKeeper.releaseprod.xcconfig */;
			buildSettings = {
				ASSETCATALOG_COMPILER_APPICON_NAME = AppIcon;
				ASSETCATALOG_COMPILER_GLOBAL_ACCENT_COLOR_NAME = AccentColor;
				CODE_SIGN_ENTITLEMENTS = KeyKeeper/KeyKeeper.entitlements;
				CODE_SIGN_IDENTITY = "Apple Development";
				CODE_SIGN_STYLE = Automatic;
				DEVELOPMENT_TEAM = DQFSKH6VVL;
				INFOPLIST_FILE = KeyKeeper/SupportFiles/Info.plist;
				IPHONEOS_DEPLOYMENT_TARGET = 13.0;
				LD_RUNPATH_SEARCH_PATHS = (
					"$(inherited)",
					"@executable_path/Frameworks",
				);
				PRODUCT_BUNDLE_IDENTIFIER = com.vssavosko.KeyKeeper;
				PRODUCT_NAME = "$(TARGET_NAME)";
				PROVISIONING_PROFILE_SPECIFIER = "";
				SWIFT_ACTIVE_COMPILATION_CONDITIONS = PROD;
				SWIFT_VERSION = 5.0;
				TARGETED_DEVICE_FAMILY = 1;
			};
			name = ReleaseProd;
		};
/* End XCBuildConfiguration section */

/* Begin XCConfigurationList section */
		88228A1626ACC74200C78456 /* Build configuration list for PBXProject "KeyKeeper" */ = {
			isa = XCConfigurationList;
			buildConfigurations = (
				88228A2D26ACC74500C78456 /* Debug */,
				8836037826E81E1800788E43 /* DebugDev */,
				8836037C26E8240300788E43 /* DebugProd */,
				88228A2E26ACC74500C78456 /* Release */,
				8836037E26E8240D00788E43 /* ReleaseDev */,
				8836038026E8241700788E43 /* ReleaseProd */,
			);
			defaultConfigurationIsVisible = 0;
			defaultConfigurationName = Release;
		};
		88228A2F26ACC74500C78456 /* Build configuration list for PBXNativeTarget "KeyKeeper" */ = {
			isa = XCConfigurationList;
			buildConfigurations = (
				88228A3026ACC74500C78456 /* Debug */,
				8836037926E81E1800788E43 /* DebugDev */,
				8836037D26E8240300788E43 /* DebugProd */,
				88228A3126ACC74500C78456 /* Release */,
				8836037F26E8240D00788E43 /* ReleaseDev */,
				8836038126E8241700788E43 /* ReleaseProd */,
			);
			defaultConfigurationIsVisible = 0;
			defaultConfigurationName = Release;
		};
/* End XCConfigurationList section */
	};
	rootObject = 88228A1326ACC74200C78456 /* Project object */;
}
