// !$*UTF8*$!
{
	archiveVersion = 1;
	classes = {
	};
	objectVersion = 50;
	objects = {

/* Begin PBXBuildFile section */
		88228A1F26ACC74200C78456 /* AppDelegate.swift in Sources */ = {isa = PBXBuildFile; fileRef = 88228A1E26ACC74200C78456 /* AppDelegate.swift */; };
		88228A2126ACC74200C78456 /* SceneDelegate.swift in Sources */ = {isa = PBXBuildFile; fileRef = 88228A2026ACC74200C78456 /* SceneDelegate.swift */; };
		88228A2326ACC74200C78456 /* ViewController.swift in Sources */ = {isa = PBXBuildFile; fileRef = 88228A2226ACC74200C78456 /* ViewController.swift */; };
		88228A2626ACC74200C78456 /* Main.storyboard in Resources */ = {isa = PBXBuildFile; fileRef = 88228A2426ACC74200C78456 /* Main.storyboard */; };
		88228A2826ACC74500C78456 /* Assets.xcassets in Resources */ = {isa = PBXBuildFile; fileRef = 88228A2726ACC74500C78456 /* Assets.xcassets */; };
		88228A2B26ACC74500C78456 /* LaunchScreen.storyboard in Resources */ = {isa = PBXBuildFile; fileRef = 88228A2926ACC74500C78456 /* LaunchScreen.storyboard */; };
		88228A3926ACC7C000C78456 /* Account.swift in Sources */ = {isa = PBXBuildFile; fileRef = 88228A3826ACC7C000C78456 /* Account.swift */; };
		88228A3B26ACC7DA00C78456 /* UIViewExtensions.swift in Sources */ = {isa = PBXBuildFile; fileRef = 88228A3A26ACC7DA00C78456 /* UIViewExtensions.swift */; };
		88228A3D26ACC80600C78456 /* MainTabBarController.swift in Sources */ = {isa = PBXBuildFile; fileRef = 88228A3C26ACC80600C78456 /* MainTabBarController.swift */; };
		88228A3F26ACC84000C78456 /* MyVaultViewController.swift in Sources */ = {isa = PBXBuildFile; fileRef = 88228A3E26ACC84000C78456 /* MyVaultViewController.swift */; };
		88228A4126ACC87B00C78456 /* GeneratorViewController.swift in Sources */ = {isa = PBXBuildFile; fileRef = 88228A4026ACC87B00C78456 /* GeneratorViewController.swift */; };
		88228A4326ACC88A00C78456 /* SettingsViewController.swift in Sources */ = {isa = PBXBuildFile; fileRef = 88228A4226ACC88A00C78456 /* SettingsViewController.swift */; };
		88228A4526ACC8C800C78456 /* MyVaultCell.swift in Sources */ = {isa = PBXBuildFile; fileRef = 88228A4426ACC8C800C78456 /* MyVaultCell.swift */; };
		8859F06326B04A9400ED0FAB /* CreateAccountViewController.swift in Sources */ = {isa = PBXBuildFile; fileRef = 8859F06226B04A9400ED0FAB /* CreateAccountViewController.swift */; };
		88922B9B26BC71F20083A285 /* DetailViewController.swift in Sources */ = {isa = PBXBuildFile; fileRef = 88922B9A26BC71F20083A285 /* DetailViewController.swift */; };
		88922B9D26BC73440083A285 /* AccountFields.swift in Sources */ = {isa = PBXBuildFile; fileRef = 88922B9C26BC73440083A285 /* AccountFields.swift */; };
		88A3858226C33167006913C2 /* DateFormatter.swift in Sources */ = {isa = PBXBuildFile; fileRef = 88A3858126C33167006913C2 /* DateFormatter.swift */; };
/* End PBXBuildFile section */

/* Begin PBXFileReference section */
		88228A1B26ACC74200C78456 /* KeyKeeper.app */ = {isa = PBXFileReference; explicitFileType = wrapper.application; includeInIndex = 0; path = KeyKeeper.app; sourceTree = BUILT_PRODUCTS_DIR; };
		88228A1E26ACC74200C78456 /* AppDelegate.swift */ = {isa = PBXFileReference; lastKnownFileType = sourcecode.swift; path = AppDelegate.swift; sourceTree = "<group>"; };
		88228A2026ACC74200C78456 /* SceneDelegate.swift */ = {isa = PBXFileReference; lastKnownFileType = sourcecode.swift; path = SceneDelegate.swift; sourceTree = "<group>"; };
		88228A2226ACC74200C78456 /* ViewController.swift */ = {isa = PBXFileReference; lastKnownFileType = sourcecode.swift; path = ViewController.swift; sourceTree = "<group>"; };
		88228A2526ACC74200C78456 /* Base */ = {isa = PBXFileReference; lastKnownFileType = file.storyboard; name = Base; path = Base.lproj/Main.storyboard; sourceTree = "<group>"; };
		88228A2726ACC74500C78456 /* Assets.xcassets */ = {isa = PBXFileReference; lastKnownFileType = folder.assetcatalog; path = Assets.xcassets; sourceTree = "<group>"; };
		88228A2A26ACC74500C78456 /* Base */ = {isa = PBXFileReference; lastKnownFileType = file.storyboard; name = Base; path = Base.lproj/LaunchScreen.storyboard; sourceTree = "<group>"; };
		88228A2C26ACC74500C78456 /* Info.plist */ = {isa = PBXFileReference; lastKnownFileType = text.plist.xml; path = Info.plist; sourceTree = "<group>"; };
		88228A3826ACC7C000C78456 /* Account.swift */ = {isa = PBXFileReference; lastKnownFileType = sourcecode.swift; path = Account.swift; sourceTree = "<group>"; };
		88228A3A26ACC7DA00C78456 /* UIViewExtensions.swift */ = {isa = PBXFileReference; lastKnownFileType = sourcecode.swift; path = UIViewExtensions.swift; sourceTree = "<group>"; };
		88228A3C26ACC80600C78456 /* MainTabBarController.swift */ = {isa = PBXFileReference; lastKnownFileType = sourcecode.swift; path = MainTabBarController.swift; sourceTree = "<group>"; };
		88228A3E26ACC84000C78456 /* MyVaultViewController.swift */ = {isa = PBXFileReference; lastKnownFileType = sourcecode.swift; path = MyVaultViewController.swift; sourceTree = "<group>"; };
		88228A4026ACC87B00C78456 /* GeneratorViewController.swift */ = {isa = PBXFileReference; lastKnownFileType = sourcecode.swift; path = GeneratorViewController.swift; sourceTree = "<group>"; };
		88228A4226ACC88A00C78456 /* SettingsViewController.swift */ = {isa = PBXFileReference; lastKnownFileType = sourcecode.swift; path = SettingsViewController.swift; sourceTree = "<group>"; };
		88228A4426ACC8C800C78456 /* MyVaultCell.swift */ = {isa = PBXFileReference; lastKnownFileType = sourcecode.swift; path = MyVaultCell.swift; sourceTree = "<group>"; };
		8859F06226B04A9400ED0FAB /* CreateAccountViewController.swift */ = {isa = PBXFileReference; lastKnownFileType = sourcecode.swift; path = CreateAccountViewController.swift; sourceTree = "<group>"; };
		88922B9A26BC71F20083A285 /* DetailViewController.swift */ = {isa = PBXFileReference; lastKnownFileType = sourcecode.swift; path = DetailViewController.swift; sourceTree = "<group>"; };
		88922B9C26BC73440083A285 /* AccountFields.swift */ = {isa = PBXFileReference; lastKnownFileType = sourcecode.swift; path = AccountFields.swift; sourceTree = "<group>"; };
		88A3858126C33167006913C2 /* DateFormatter.swift */ = {isa = PBXFileReference; lastKnownFileType = sourcecode.swift; path = DateFormatter.swift; sourceTree = "<group>"; };
/* End PBXFileReference section */

/* Begin PBXFrameworksBuildPhase section */
		88228A1826ACC74200C78456 /* Frameworks */ = {
			isa = PBXFrameworksBuildPhase;
			buildActionMask = 2147483647;
			files = (
			);
			runOnlyForDeploymentPostprocessing = 0;
		};
/* End PBXFrameworksBuildPhase section */

/* Begin PBXGroup section */
		88228A1226ACC74200C78456 = {
			isa = PBXGroup;
			children = (
				88228A1D26ACC74200C78456 /* KeyKeeper */,
				88228A1C26ACC74200C78456 /* Products */,
			);
			sourceTree = "<group>";
		};
		88228A1C26ACC74200C78456 /* Products */ = {
			isa = PBXGroup;
			children = (
				88228A1B26ACC74200C78456 /* KeyKeeper.app */,
			);
			name = Products;
			sourceTree = "<group>";
		};
		88228A1D26ACC74200C78456 /* KeyKeeper */ = {
			isa = PBXGroup;
			children = (
				88228A3526ACC78800C78456 /* Models */,
				88228A3726ACC7A200C78456 /* Controllers */,
				8859F06126B0460C00ED0FAB /* MyVault */,
				88228A3626ACC79000C78456 /* Extensions */,
				88F5A6D626BECA0D00B056C1 /* Helpers */,
				88228A1E26ACC74200C78456 /* AppDelegate.swift */,
				88228A2026ACC74200C78456 /* SceneDelegate.swift */,
				88228A2226ACC74200C78456 /* ViewController.swift */,
				88228A2426ACC74200C78456 /* Main.storyboard */,
				88228A2726ACC74500C78456 /* Assets.xcassets */,
				88228A2926ACC74500C78456 /* LaunchScreen.storyboard */,
				88228A2C26ACC74500C78456 /* Info.plist */,
			);
			path = KeyKeeper;
			sourceTree = "<group>";
		};
		88228A3526ACC78800C78456 /* Models */ = {
			isa = PBXGroup;
			children = (
				88228A3826ACC7C000C78456 /* Account.swift */,
			);
			path = Models;
			sourceTree = "<group>";
		};
		88228A3626ACC79000C78456 /* Extensions */ = {
			isa = PBXGroup;
			children = (
				88228A3A26ACC7DA00C78456 /* UIViewExtensions.swift */,
				88A3858126C33167006913C2 /* DateFormatter.swift */,
			);
			path = Extensions;
			sourceTree = "<group>";
		};
		88228A3726ACC7A200C78456 /* Controllers */ = {
			isa = PBXGroup;
			children = (
				88228A3C26ACC80600C78456 /* MainTabBarController.swift */,
				88228A4026ACC87B00C78456 /* GeneratorViewController.swift */,
				88228A4226ACC88A00C78456 /* SettingsViewController.swift */,
			);
			path = Controllers;
			sourceTree = "<group>";
		};
		88228A4626ACC9C700C78456 /* Cell */ = {
			isa = PBXGroup;
			children = (
				88228A4426ACC8C800C78456 /* MyVaultCell.swift */,
			);
			path = Cell;
			sourceTree = "<group>";
		};
		8859F06126B0460C00ED0FAB /* MyVault */ = {
			isa = PBXGroup;
			children = (
				88922B9926BC71B70083A285 /* Controllers */,
				88228A4626ACC9C700C78456 /* Cell */,
			);
			path = MyVault;
			sourceTree = "<group>";
		};
		88922B9926BC71B70083A285 /* Controllers */ = {
			isa = PBXGroup;
			children = (
				88228A3E26ACC84000C78456 /* MyVaultViewController.swift */,
				8859F06226B04A9400ED0FAB /* CreateAccountViewController.swift */,
				88922B9A26BC71F20083A285 /* DetailViewController.swift */,
			);
			path = Controllers;
			sourceTree = "<group>";
		};
		88F5A6D626BECA0D00B056C1 /* Helpers */ = {
			isa = PBXGroup;
			children = (
				88922B9C26BC73440083A285 /* AccountFields.swift */,
			);
			path = Helpers;
			sourceTree = "<group>";
		};
/* End PBXGroup section */

/* Begin PBXNativeTarget section */
		88228A1A26ACC74200C78456 /* KeyKeeper */ = {
			isa = PBXNativeTarget;
			buildConfigurationList = 88228A2F26ACC74500C78456 /* Build configuration list for PBXNativeTarget "KeyKeeper" */;
			buildPhases = (
				88228A1726ACC74200C78456 /* Sources */,
				88228A1826ACC74200C78456 /* Frameworks */,
				88228A1926ACC74200C78456 /* Resources */,
			);
			buildRules = (
			);
			dependencies = (
			);
			name = KeyKeeper;
			productName = KeyKeeper;
			productReference = 88228A1B26ACC74200C78456 /* KeyKeeper.app */;
			productType = "com.apple.product-type.application";
		};
/* End PBXNativeTarget section */

/* Begin PBXProject section */
		88228A1326ACC74200C78456 /* Project object */ = {
			isa = PBXProject;
			attributes = {
				LastSwiftUpdateCheck = 1250;
				LastUpgradeCheck = 1250;
				TargetAttributes = {
					88228A1A26ACC74200C78456 = {
						CreatedOnToolsVersion = 12.5;
					};
				};
			};
			buildConfigurationList = 88228A1626ACC74200C78456 /* Build configuration list for PBXProject "KeyKeeper" */;
			compatibilityVersion = "Xcode 9.3";
			developmentRegion = en;
			hasScannedForEncodings = 0;
			knownRegions = (
				en,
				Base,
			);
			mainGroup = 88228A1226ACC74200C78456;
			productRefGroup = 88228A1C26ACC74200C78456 /* Products */;
			projectDirPath = "";
			projectRoot = "";
			targets = (
				88228A1A26ACC74200C78456 /* KeyKeeper */,
			);
		};
/* End PBXProject section */

/* Begin PBXResourcesBuildPhase section */
		88228A1926ACC74200C78456 /* Resources */ = {
			isa = PBXResourcesBuildPhase;
			buildActionMask = 2147483647;
			files = (
				88228A2B26ACC74500C78456 /* LaunchScreen.storyboard in Resources */,
				88228A2826ACC74500C78456 /* Assets.xcassets in Resources */,
				88228A2626ACC74200C78456 /* Main.storyboard in Resources */,
			);
			runOnlyForDeploymentPostprocessing = 0;
		};
/* End PBXResourcesBuildPhase section */

/* Begin PBXSourcesBuildPhase section */
		88228A1726ACC74200C78456 /* Sources */ = {
			isa = PBXSourcesBuildPhase;
			buildActionMask = 2147483647;
			files = (
				88228A2326ACC74200C78456 /* ViewController.swift in Sources */,
				88228A3926ACC7C000C78456 /* Account.swift in Sources */,
				88228A3D26ACC80600C78456 /* MainTabBarController.swift in Sources */,
				88922B9D26BC73440083A285 /* AccountFields.swift in Sources */,
				88922B9B26BC71F20083A285 /* DetailViewController.swift in Sources */,
				8859F06326B04A9400ED0FAB /* CreateAccountViewController.swift in Sources */,
				88228A3B26ACC7DA00C78456 /* UIViewExtensions.swift in Sources */,
				88228A1F26ACC74200C78456 /* AppDelegate.swift in Sources */,
				88228A4526ACC8C800C78456 /* MyVaultCell.swift in Sources */,
				88228A2126ACC74200C78456 /* SceneDelegate.swift in Sources */,
				88228A4126ACC87B00C78456 /* GeneratorViewController.swift in Sources */,
				88A3858226C33167006913C2 /* DateFormatter.swift in Sources */,
				88228A3F26ACC84000C78456 /* MyVaultViewController.swift in Sources */,
				88228A4326ACC88A00C78456 /* SettingsViewController.swift in Sources */,
			);
			runOnlyForDeploymentPostprocessing = 0;
		};
/* End PBXSourcesBuildPhase section */

/* Begin PBXVariantGroup section */
		88228A2426ACC74200C78456 /* Main.storyboard */ = {
			isa = PBXVariantGroup;
			children = (
				88228A2526ACC74200C78456 /* Base */,
			);
			name = Main.storyboard;
			sourceTree = "<group>";
		};
		88228A2926ACC74500C78456 /* LaunchScreen.storyboard */ = {
			isa = PBXVariantGroup;
			children = (
				88228A2A26ACC74500C78456 /* Base */,
			);
			name = LaunchScreen.storyboard;
			sourceTree = "<group>";
		};
/* End PBXVariantGroup section */

/* Begin XCBuildConfiguration section */
		88228A2D26ACC74500C78456 /* Debug */ = {
			isa = XCBuildConfiguration;
			buildSettings = {
				ALWAYS_SEARCH_USER_PATHS = NO;
				CLANG_ANALYZER_NONNULL = YES;
				CLANG_ANALYZER_NUMBER_OBJECT_CONVERSION = YES_AGGRESSIVE;
				CLANG_CXX_LANGUAGE_STANDARD = "gnu++14";
				CLANG_CXX_LIBRARY = "libc++";
				CLANG_ENABLE_MODULES = YES;
				CLANG_ENABLE_OBJC_ARC = YES;
				CLANG_ENABLE_OBJC_WEAK = YES;
				CLANG_WARN_BLOCK_CAPTURE_AUTORELEASING = YES;
				CLANG_WARN_BOOL_CONVERSION = YES;
				CLANG_WARN_COMMA = YES;
				CLANG_WARN_CONSTANT_CONVERSION = YES;
				CLANG_WARN_DEPRECATED_OBJC_IMPLEMENTATIONS = YES;
				CLANG_WARN_DIRECT_OBJC_ISA_USAGE = YES_ERROR;
				CLANG_WARN_DOCUMENTATION_COMMENTS = YES;
				CLANG_WARN_EMPTY_BODY = YES;
				CLANG_WARN_ENUM_CONVERSION = YES;
				CLANG_WARN_INFINITE_RECURSION = YES;
				CLANG_WARN_INT_CONVERSION = YES;
				CLANG_WARN_NON_LITERAL_NULL_CONVERSION = YES;
				CLANG_WARN_OBJC_IMPLICIT_RETAIN_SELF = YES;
				CLANG_WARN_OBJC_LITERAL_CONVERSION = YES;
				CLANG_WARN_OBJC_ROOT_CLASS = YES_ERROR;
				CLANG_WARN_QUOTED_INCLUDE_IN_FRAMEWORK_HEADER = YES;
				CLANG_WARN_RANGE_LOOP_ANALYSIS = YES;
				CLANG_WARN_STRICT_PROTOTYPES = YES;
				CLANG_WARN_SUSPICIOUS_MOVE = YES;
				CLANG_WARN_UNGUARDED_AVAILABILITY = YES_AGGRESSIVE;
				CLANG_WARN_UNREACHABLE_CODE = YES;
				CLANG_WARN__DUPLICATE_METHOD_MATCH = YES;
				COPY_PHASE_STRIP = NO;
				DEBUG_INFORMATION_FORMAT = dwarf;
				ENABLE_STRICT_OBJC_MSGSEND = YES;
				ENABLE_TESTABILITY = YES;
				GCC_C_LANGUAGE_STANDARD = gnu11;
				GCC_DYNAMIC_NO_PIC = NO;
				GCC_NO_COMMON_BLOCKS = YES;
				GCC_OPTIMIZATION_LEVEL = 0;
				GCC_PREPROCESSOR_DEFINITIONS = (
					"DEBUG=1",
					"$(inherited)",
				);
				GCC_WARN_64_TO_32_BIT_CONVERSION = YES;
				GCC_WARN_ABOUT_RETURN_TYPE = YES_ERROR;
				GCC_WARN_UNDECLARED_SELECTOR = YES;
				GCC_WARN_UNINITIALIZED_AUTOS = YES_AGGRESSIVE;
				GCC_WARN_UNUSED_FUNCTION = YES;
				GCC_WARN_UNUSED_VARIABLE = YES;
				IPHONEOS_DEPLOYMENT_TARGET = 13.0;
				MTL_ENABLE_DEBUG_INFO = INCLUDE_SOURCE;
				MTL_FAST_MATH = YES;
				ONLY_ACTIVE_ARCH = YES;
				SDKROOT = iphoneos;
				SWIFT_ACTIVE_COMPILATION_CONDITIONS = DEBUG;
				SWIFT_OPTIMIZATION_LEVEL = "-Onone";
			};
			name = Debug;
		};
		88228A2E26ACC74500C78456 /* Release */ = {
			isa = XCBuildConfiguration;
			buildSettings = {
				ALWAYS_SEARCH_USER_PATHS = NO;
				CLANG_ANALYZER_NONNULL = YES;
				CLANG_ANALYZER_NUMBER_OBJECT_CONVERSION = YES_AGGRESSIVE;
				CLANG_CXX_LANGUAGE_STANDARD = "gnu++14";
				CLANG_CXX_LIBRARY = "libc++";
				CLANG_ENABLE_MODULES = YES;
				CLANG_ENABLE_OBJC_ARC = YES;
				CLANG_ENABLE_OBJC_WEAK = YES;
				CLANG_WARN_BLOCK_CAPTURE_AUTORELEASING = YES;
				CLANG_WARN_BOOL_CONVERSION = YES;
				CLANG_WARN_COMMA = YES;
				CLANG_WARN_CONSTANT_CONVERSION = YES;
				CLANG_WARN_DEPRECATED_OBJC_IMPLEMENTATIONS = YES;
				CLANG_WARN_DIRECT_OBJC_ISA_USAGE = YES_ERROR;
				CLANG_WARN_DOCUMENTATION_COMMENTS = YES;
				CLANG_WARN_EMPTY_BODY = YES;
				CLANG_WARN_ENUM_CONVERSION = YES;
				CLANG_WARN_INFINITE_RECURSION = YES;
				CLANG_WARN_INT_CONVERSION = YES;
				CLANG_WARN_NON_LITERAL_NULL_CONVERSION = YES;
				CLANG_WARN_OBJC_IMPLICIT_RETAIN_SELF = YES;
				CLANG_WARN_OBJC_LITERAL_CONVERSION = YES;
				CLANG_WARN_OBJC_ROOT_CLASS = YES_ERROR;
				CLANG_WARN_QUOTED_INCLUDE_IN_FRAMEWORK_HEADER = YES;
				CLANG_WARN_RANGE_LOOP_ANALYSIS = YES;
				CLANG_WARN_STRICT_PROTOTYPES = YES;
				CLANG_WARN_SUSPICIOUS_MOVE = YES;
				CLANG_WARN_UNGUARDED_AVAILABILITY = YES_AGGRESSIVE;
				CLANG_WARN_UNREACHABLE_CODE = YES;
				CLANG_WARN__DUPLICATE_METHOD_MATCH = YES;
				COPY_PHASE_STRIP = NO;
				DEBUG_INFORMATION_FORMAT = "dwarf-with-dsym";
				ENABLE_NS_ASSERTIONS = NO;
				ENABLE_STRICT_OBJC_MSGSEND = YES;
				GCC_C_LANGUAGE_STANDARD = gnu11;
				GCC_NO_COMMON_BLOCKS = YES;
				GCC_WARN_64_TO_32_BIT_CONVERSION = YES;
				GCC_WARN_ABOUT_RETURN_TYPE = YES_ERROR;
				GCC_WARN_UNDECLARED_SELECTOR = YES;
				GCC_WARN_UNINITIALIZED_AUTOS = YES_AGGRESSIVE;
				GCC_WARN_UNUSED_FUNCTION = YES;
				GCC_WARN_UNUSED_VARIABLE = YES;
				IPHONEOS_DEPLOYMENT_TARGET = 13.0;
				MTL_ENABLE_DEBUG_INFO = NO;
				MTL_FAST_MATH = YES;
				SDKROOT = iphoneos;
				SWIFT_COMPILATION_MODE = wholemodule;
				SWIFT_OPTIMIZATION_LEVEL = "-O";
				VALIDATE_PRODUCT = YES;
			};
			name = Release;
		};
		88228A3026ACC74500C78456 /* Debug */ = {
			isa = XCBuildConfiguration;
			buildSettings = {
				ASSETCATALOG_COMPILER_APPICON_NAME = AppIcon;
				ASSETCATALOG_COMPILER_GLOBAL_ACCENT_COLOR_NAME = AccentColor;
				CODE_SIGN_STYLE = Automatic;
				DEVELOPMENT_TEAM = DQFSKH6VVL;
				INFOPLIST_FILE = KeyKeeper/Info.plist;
				IPHONEOS_DEPLOYMENT_TARGET = 13.0;
				LD_RUNPATH_SEARCH_PATHS = (
					"$(inherited)",
					"@executable_path/Frameworks",
				);
				PRODUCT_BUNDLE_IDENTIFIER = com.vssavosko.KeyKeeper;
				PRODUCT_NAME = "$(TARGET_NAME)";
				SWIFT_VERSION = 5.0;
				TARGETED_DEVICE_FAMILY = 1;
			};
			name = Debug;
		};
		88228A3126ACC74500C78456 /* Release */ = {
			isa = XCBuildConfiguration;
			buildSettings = {
				ASSETCATALOG_COMPILER_APPICON_NAME = AppIcon;
				ASSETCATALOG_COMPILER_GLOBAL_ACCENT_COLOR_NAME = AccentColor;
				CODE_SIGN_STYLE = Automatic;
				DEVELOPMENT_TEAM = DQFSKH6VVL;
				INFOPLIST_FILE = KeyKeeper/Info.plist;
				IPHONEOS_DEPLOYMENT_TARGET = 13.0;
				LD_RUNPATH_SEARCH_PATHS = (
					"$(inherited)",
					"@executable_path/Frameworks",
				);
				PRODUCT_BUNDLE_IDENTIFIER = com.vssavosko.KeyKeeper;
				PRODUCT_NAME = "$(TARGET_NAME)";
				SWIFT_VERSION = 5.0;
				TARGETED_DEVICE_FAMILY = 1;
			};
			name = Release;
		};
/* End XCBuildConfiguration section */

/* Begin XCConfigurationList section */
		88228A1626ACC74200C78456 /* Build configuration list for PBXProject "KeyKeeper" */ = {
			isa = XCConfigurationList;
			buildConfigurations = (
				88228A2D26ACC74500C78456 /* Debug */,
				88228A2E26ACC74500C78456 /* Release */,
			);
			defaultConfigurationIsVisible = 0;
			defaultConfigurationName = Release;
		};
		88228A2F26ACC74500C78456 /* Build configuration list for PBXNativeTarget "KeyKeeper" */ = {
			isa = XCConfigurationList;
			buildConfigurations = (
				88228A3026ACC74500C78456 /* Debug */,
				88228A3126ACC74500C78456 /* Release */,
			);
			defaultConfigurationIsVisible = 0;
			defaultConfigurationName = Release;
		};
/* End XCConfigurationList section */
	};
	rootObject = 88228A1326ACC74200C78456 /* Project object */;
}
